
Microsoft Visual Studio Solution File, Format Version 12.00
# Visual Studio 14
VisualStudioVersion = 14.0.24720.0
MinimumVisualStudioVersion = 10.0.40219.1
Project("{FAE04EC0-301F-11D3-BF4B-00C04F79EFBC}") = "UseInArgument", "UseInArgument\UseInArgument.csproj", "{76632FD6-AE98-4E43-86AA-12D89570F740}"
EndProject
Project("{FAE04EC0-301F-11D3-BF4B-00C04F79EFBC}") = "UseOutArgument", "UseOutArgument\UseOutArgument.csproj", "{1712FC18-7BE1-4C40-8463-549355335F99}"
EndProject
Project("{FAE04EC0-301F-11D3-BF4B-00C04F79EFBC}") = "UseInOutArgument", "UseInOutArgument\UseInOutArgument.csproj", "{91BC79F3-0351-4C38-A1F2-DE721EA9CD6A}"
EndProject
Project("{FAE04EC0-301F-11D3-BF4B-00C04F79EFBC}") = "UseVariable", "UseVariable\UseVariable.csproj", "{DCBC1E44-3397-4E41-AC72-92B2D5F7EDB8}"
EndProject
Project("{FAE04EC0-301F-11D3-BF4B-00C04F79EFBC}") = "UseWorkflowApplication", "UseWorkflowApplication\UseWorkflowApplication.csproj", "{C343A767-8F08-4586-B1A9-8D4D59DB16AA}"
EndProject
Project("{FAE04EC0-301F-11D3-BF4B-00C04F79EFBC}") = "UseBookmark", "UseBookmark\UseBookmark.csproj", "{E0D65BBB-BD62-4989-937E-19A0957304F4}"
EndProject
Project("{FAE04EC0-301F-11D3-BF4B-00C04F79EFBC}") = "ConvertWFInstanceToXML", "ConvertWFInstanceToXML\ConvertWFInstanceToXML.csproj", "{FA09410A-55CA-4B97-8420-365AE2E086E5}"
EndProject
Project("{FAE04EC0-301F-11D3-BF4B-00C04F79EFBC}") = "LoadUpWorkflowFromXML", "LoadUpWorkflowFromXML\LoadUpWorkflowFromXML.csproj", "{F748E2F5-C715-4D73-9B21-85B766B0972C}"
EndProject
Project("{FAE04EC0-301F-11D3-BF4B-00C04F79EFBC}") = "UnitTestForWFProgram", "UnitTestForWFProgram\UnitTestForWFProgram.csproj", "{B10F6FCB-21EE-4BB8-93F1-4D15B56297D3}"
EndProject
Project("{FAE04EC0-301F-11D3-BF4B-00C04F79EFBC}") = "UsingForeachActivity", "UsingForeachActivity\UsingForeachActivity.csproj", "{72FD3028-9880-46C1-8D22-081B02D6D6AA}"
EndProject
Project("{FAE04EC0-301F-11D3-BF4B-00C04F79EFBC}") = "GuesNumberGameInSequence", "GuesNumberGameInSequence\GuesNumberGameInSequence.csproj", "{23C769FF-0E30-40E8-86FF-ADA0AEA566D1}"
EndProject
Project("{FAE04EC0-301F-11D3-BF4B-00C04F79EFBC}") = "GuessNumberInFlowChart", "GuessNumberInFlowChart\GuessNumberInFlowChart.csproj", "{3C061588-5117-4EE1-9CA2-F4E297ECBCD4}"
EndProject
Project("{FAE04EC0-301F-11D3-BF4B-00C04F79EFBC}") = "UsingInvokeMethodActivityInCode", "UsingInvokeMethodActivityInCode\UsingInvokeMethodActivityInCode.csproj", "{27EE6872-E6AF-4490-9689-5C16A8199C9C}"
EndProject
Project("{FAE04EC0-301F-11D3-BF4B-00C04F79EFBC}") = "UsingSwitchActivityInSequenceWorkflow", "UsingSwitchActivityInSequenceWorkflow\UsingSwitchActivityInSequenceWorkflow.csproj", "{0A906CD7-020F-46AD-8945-E541DA56315B}"
EndProject
Project("{FAE04EC0-301F-11D3-BF4B-00C04F79EFBC}") = "UsingParallelActivity", "UsingParallelActivity\UsingParallelActivity.csproj", "{2364F7BD-D846-4017-A3D0-1233E6B1E876}"
EndProject
Project("{FAE04EC0-301F-11D3-BF4B-00C04F79EFBC}") = "UsingBookmark", "UsingBookmark\UsingBookmark.csproj", "{F3450738-7795-4D39-9AAC-72201796F49D}"
EndProject
Project("{FAE04EC0-301F-11D3-BF4B-00C04F79EFBC}") = "CreateFileWriterActivity", "CreateFileWriterActivity\CreateFileWriterActivity.csproj", "{A45B452F-CD68-4284-86C9-055F134C0226}"
EndProject
Project("{FAE04EC0-301F-11D3-BF4B-00C04F79EFBC}") = "CreateSendEmailActivity", "CreateSendEmailActivity\CreateSendEmailActivity.csproj", "{455A2062-59A1-47D9-9F40-2D7635065F24}"
EndProject
Project("{FAE04EC0-301F-11D3-BF4B-00C04F79EFBC}") = "CreateInputMessageActivityUsingBookmark", "CreateInputMessageActivityUsingBookmark\CreateInputMessageActivityUsingBookmark.csproj", "{B4D776EA-0071-4515-AF37-121DBFAB0CBA}"
EndProject
Project("{FAE04EC0-301F-11D3-BF4B-00C04F79EFBC}") = "CreateAsyncHttpGetActivity", "CreateAsyncHttpGetActivity\CreateAsyncHttpGetActivity.csproj", "{2B52083E-8BDD-403E-A205-43799E99788F}"
EndProject
Global
	GlobalSection(SolutionConfigurationPlatforms) = preSolution
		Debug|Any CPU = Debug|Any CPU
		Debug|x86 = Debug|x86
		Release|Any CPU = Release|Any CPU
		Release|x86 = Release|x86
	EndGlobalSection
	GlobalSection(ProjectConfigurationPlatforms) = postSolution
		{76632FD6-AE98-4E43-86AA-12D89570F740}.Debug|Any CPU.ActiveCfg = Debug|x86
		{76632FD6-AE98-4E43-86AA-12D89570F740}.Debug|x86.ActiveCfg = Debug|x86
		{76632FD6-AE98-4E43-86AA-12D89570F740}.Debug|x86.Build.0 = Debug|x86
		{76632FD6-AE98-4E43-86AA-12D89570F740}.Release|Any CPU.ActiveCfg = Release|x86
		{76632FD6-AE98-4E43-86AA-12D89570F740}.Release|x86.ActiveCfg = Release|x86
		{76632FD6-AE98-4E43-86AA-12D89570F740}.Release|x86.Build.0 = Release|x86
		{1712FC18-7BE1-4C40-8463-549355335F99}.Debug|Any CPU.ActiveCfg = Debug|x86
		{1712FC18-7BE1-4C40-8463-549355335F99}.Debug|x86.ActiveCfg = Debug|x86
		{1712FC18-7BE1-4C40-8463-549355335F99}.Debug|x86.Build.0 = Debug|x86
		{1712FC18-7BE1-4C40-8463-549355335F99}.Release|Any CPU.ActiveCfg = Release|x86
		{1712FC18-7BE1-4C40-8463-549355335F99}.Release|x86.ActiveCfg = Release|x86
		{1712FC18-7BE1-4C40-8463-549355335F99}.Release|x86.Build.0 = Release|x86
		{91BC79F3-0351-4C38-A1F2-DE721EA9CD6A}.Debug|Any CPU.ActiveCfg = Debug|x86
		{91BC79F3-0351-4C38-A1F2-DE721EA9CD6A}.Debug|x86.ActiveCfg = Debug|x86
		{91BC79F3-0351-4C38-A1F2-DE721EA9CD6A}.Debug|x86.Build.0 = Debug|x86
		{91BC79F3-0351-4C38-A1F2-DE721EA9CD6A}.Release|Any CPU.ActiveCfg = Release|x86
		{91BC79F3-0351-4C38-A1F2-DE721EA9CD6A}.Release|x86.ActiveCfg = Release|x86
		{91BC79F3-0351-4C38-A1F2-DE721EA9CD6A}.Release|x86.Build.0 = Release|x86
		{DCBC1E44-3397-4E41-AC72-92B2D5F7EDB8}.Debug|Any CPU.ActiveCfg = Debug|x86
		{DCBC1E44-3397-4E41-AC72-92B2D5F7EDB8}.Debug|x86.ActiveCfg = Debug|x86
		{DCBC1E44-3397-4E41-AC72-92B2D5F7EDB8}.Debug|x86.Build.0 = Debug|x86
		{DCBC1E44-3397-4E41-AC72-92B2D5F7EDB8}.Release|Any CPU.ActiveCfg = Release|x86
		{DCBC1E44-3397-4E41-AC72-92B2D5F7EDB8}.Release|x86.ActiveCfg = Release|x86
		{DCBC1E44-3397-4E41-AC72-92B2D5F7EDB8}.Release|x86.Build.0 = Release|x86
		{C343A767-8F08-4586-B1A9-8D4D59DB16AA}.Debug|Any CPU.ActiveCfg = Debug|x86
		{C343A767-8F08-4586-B1A9-8D4D59DB16AA}.Debug|x86.ActiveCfg = Debug|x86
		{C343A767-8F08-4586-B1A9-8D4D59DB16AA}.Debug|x86.Build.0 = Debug|x86
		{C343A767-8F08-4586-B1A9-8D4D59DB16AA}.Release|Any CPU.ActiveCfg = Release|x86
		{C343A767-8F08-4586-B1A9-8D4D59DB16AA}.Release|x86.ActiveCfg = Release|x86
		{C343A767-8F08-4586-B1A9-8D4D59DB16AA}.Release|x86.Build.0 = Release|x86
		{E0D65BBB-BD62-4989-937E-19A0957304F4}.Debug|Any CPU.ActiveCfg = Debug|x86
		{E0D65BBB-BD62-4989-937E-19A0957304F4}.Debug|x86.ActiveCfg = Debug|x86
		{E0D65BBB-BD62-4989-937E-19A0957304F4}.Debug|x86.Build.0 = Debug|x86
		{E0D65BBB-BD62-4989-937E-19A0957304F4}.Release|Any CPU.ActiveCfg = Release|x86
		{E0D65BBB-BD62-4989-937E-19A0957304F4}.Release|x86.ActiveCfg = Release|x86
		{E0D65BBB-BD62-4989-937E-19A0957304F4}.Release|x86.Build.0 = Release|x86
		{FA09410A-55CA-4B97-8420-365AE2E086E5}.Debug|Any CPU.ActiveCfg = Debug|x86
		{FA09410A-55CA-4B97-8420-365AE2E086E5}.Debug|x86.ActiveCfg = Debug|x86
		{FA09410A-55CA-4B97-8420-365AE2E086E5}.Debug|x86.Build.0 = Debug|x86
		{FA09410A-55CA-4B97-8420-365AE2E086E5}.Release|Any CPU.ActiveCfg = Release|x86
		{FA09410A-55CA-4B97-8420-365AE2E086E5}.Release|x86.ActiveCfg = Release|x86
		{FA09410A-55CA-4B97-8420-365AE2E086E5}.Release|x86.Build.0 = Release|x86
		{F748E2F5-C715-4D73-9B21-85B766B0972C}.Debug|Any CPU.ActiveCfg = Debug|x86
		{F748E2F5-C715-4D73-9B21-85B766B0972C}.Debug|x86.ActiveCfg = Debug|x86
		{F748E2F5-C715-4D73-9B21-85B766B0972C}.Debug|x86.Build.0 = Debug|x86
		{F748E2F5-C715-4D73-9B21-85B766B0972C}.Release|Any CPU.ActiveCfg = Release|x86
		{F748E2F5-C715-4D73-9B21-85B766B0972C}.Release|x86.ActiveCfg = Release|x86
		{F748E2F5-C715-4D73-9B21-85B766B0972C}.Release|x86.Build.0 = Release|x86
		{B10F6FCB-21EE-4BB8-93F1-4D15B56297D3}.Debug|Any CPU.ActiveCfg = Debug|Any CPU
		{B10F6FCB-21EE-4BB8-93F1-4D15B56297D3}.Debug|Any CPU.Build.0 = Debug|Any CPU
		{B10F6FCB-21EE-4BB8-93F1-4D15B56297D3}.Debug|x86.ActiveCfg = Debug|Any CPU
		{B10F6FCB-21EE-4BB8-93F1-4D15B56297D3}.Debug|x86.Build.0 = Debug|Any CPU
		{B10F6FCB-21EE-4BB8-93F1-4D15B56297D3}.Release|Any CPU.ActiveCfg = Release|Any CPU
		{B10F6FCB-21EE-4BB8-93F1-4D15B56297D3}.Release|Any CPU.Build.0 = Release|Any CPU
		{B10F6FCB-21EE-4BB8-93F1-4D15B56297D3}.Release|x86.ActiveCfg = Release|Any CPU
		{B10F6FCB-21EE-4BB8-93F1-4D15B56297D3}.Release|x86.Build.0 = Release|Any CPU
		{72FD3028-9880-46C1-8D22-081B02D6D6AA}.Debug|Any CPU.ActiveCfg = Debug|x86
		{72FD3028-9880-46C1-8D22-081B02D6D6AA}.Debug|x86.ActiveCfg = Debug|x86
		{72FD3028-9880-46C1-8D22-081B02D6D6AA}.Debug|x86.Build.0 = Debug|x86
		{72FD3028-9880-46C1-8D22-081B02D6D6AA}.Release|Any CPU.ActiveCfg = Release|x86
		{72FD3028-9880-46C1-8D22-081B02D6D6AA}.Release|x86.ActiveCfg = Release|x86
		{72FD3028-9880-46C1-8D22-081B02D6D6AA}.Release|x86.Build.0 = Release|x86
		{23C769FF-0E30-40E8-86FF-ADA0AEA566D1}.Debug|Any CPU.ActiveCfg = Debug|x86
		{23C769FF-0E30-40E8-86FF-ADA0AEA566D1}.Debug|x86.ActiveCfg = Debug|x86
		{23C769FF-0E30-40E8-86FF-ADA0AEA566D1}.Debug|x86.Build.0 = Debug|x86
		{23C769FF-0E30-40E8-86FF-ADA0AEA566D1}.Release|Any CPU.ActiveCfg = Release|x86
		{23C769FF-0E30-40E8-86FF-ADA0AEA566D1}.Release|x86.ActiveCfg = Release|x86
		{23C769FF-0E30-40E8-86FF-ADA0AEA566D1}.Release|x86.Build.0 = Release|x86
		{3C061588-5117-4EE1-9CA2-F4E297ECBCD4}.Debug|Any CPU.ActiveCfg = Debug|x86
		{3C061588-5117-4EE1-9CA2-F4E297ECBCD4}.Debug|x86.ActiveCfg = Debug|x86
		{3C061588-5117-4EE1-9CA2-F4E297ECBCD4}.Debug|x86.Build.0 = Debug|x86
		{3C061588-5117-4EE1-9CA2-F4E297ECBCD4}.Release|Any CPU.ActiveCfg = Release|x86
		{3C061588-5117-4EE1-9CA2-F4E297ECBCD4}.Release|x86.ActiveCfg = Release|x86
		{3C061588-5117-4EE1-9CA2-F4E297ECBCD4}.Release|x86.Build.0 = Release|x86
		{27EE6872-E6AF-4490-9689-5C16A8199C9C}.Debug|Any CPU.ActiveCfg = Debug|x86
		{27EE6872-E6AF-4490-9689-5C16A8199C9C}.Debug|x86.ActiveCfg = Debug|x86
		{27EE6872-E6AF-4490-9689-5C16A8199C9C}.Debug|x86.Build.0 = Debug|x86
		{27EE6872-E6AF-4490-9689-5C16A8199C9C}.Release|Any CPU.ActiveCfg = Release|x86
		{27EE6872-E6AF-4490-9689-5C16A8199C9C}.Release|x86.ActiveCfg = Release|x86
		{27EE6872-E6AF-4490-9689-5C16A8199C9C}.Release|x86.Build.0 = Release|x86
		{0A906CD7-020F-46AD-8945-E541DA56315B}.Debug|Any CPU.ActiveCfg = Debug|x86
		{0A906CD7-020F-46AD-8945-E541DA56315B}.Debug|x86.ActiveCfg = Debug|x86
		{0A906CD7-020F-46AD-8945-E541DA56315B}.Debug|x86.Build.0 = Debug|x86
		{0A906CD7-020F-46AD-8945-E541DA56315B}.Release|Any CPU.ActiveCfg = Release|x86
		{0A906CD7-020F-46AD-8945-E541DA56315B}.Release|x86.ActiveCfg = Release|x86
		{0A906CD7-020F-46AD-8945-E541DA56315B}.Release|x86.Build.0 = Release|x86
		{2364F7BD-D846-4017-A3D0-1233E6B1E876}.Debug|Any CPU.ActiveCfg = Debug|x86
		{2364F7BD-D846-4017-A3D0-1233E6B1E876}.Debug|x86.ActiveCfg = Debug|x86
		{2364F7BD-D846-4017-A3D0-1233E6B1E876}.Debug|x86.Build.0 = Debug|x86
		{2364F7BD-D846-4017-A3D0-1233E6B1E876}.Release|Any CPU.ActiveCfg = Release|x86
		{2364F7BD-D846-4017-A3D0-1233E6B1E876}.Release|x86.ActiveCfg = Release|x86
		{2364F7BD-D846-4017-A3D0-1233E6B1E876}.Release|x86.Build.0 = Release|x86
		{F3450738-7795-4D39-9AAC-72201796F49D}.Debug|Any CPU.ActiveCfg = Debug|x86
		{F3450738-7795-4D39-9AAC-72201796F49D}.Debug|x86.ActiveCfg = Debug|x86
		{F3450738-7795-4D39-9AAC-72201796F49D}.Debug|x86.Build.0 = Debug|x86
		{F3450738-7795-4D39-9AAC-72201796F49D}.Release|Any CPU.ActiveCfg = Release|x86
		{F3450738-7795-4D39-9AAC-72201796F49D}.Release|x86.ActiveCfg = Release|x86
		{F3450738-7795-4D39-9AAC-72201796F49D}.Release|x86.Build.0 = Release|x86
		{A45B452F-CD68-4284-86C9-055F134C0226}.Debug|Any CPU.ActiveCfg = Debug|x86
		{A45B452F-CD68-4284-86C9-055F134C0226}.Debug|x86.ActiveCfg = Debug|x86
		{A45B452F-CD68-4284-86C9-055F134C0226}.Debug|x86.Build.0 = Debug|x86
		{A45B452F-CD68-4284-86C9-055F134C0226}.Release|Any CPU.ActiveCfg = Release|x86
		{A45B452F-CD68-4284-86C9-055F134C0226}.Release|x86.ActiveCfg = Release|x86
		{A45B452F-CD68-4284-86C9-055F134C0226}.Release|x86.Build.0 = Release|x86
		{455A2062-59A1-47D9-9F40-2D7635065F24}.Debug|Any CPU.ActiveCfg = Debug|x86
		{455A2062-59A1-47D9-9F40-2D7635065F24}.Debug|x86.ActiveCfg = Debug|x86
		{455A2062-59A1-47D9-9F40-2D7635065F24}.Debug|x86.Build.0 = Debug|x86
		{455A2062-59A1-47D9-9F40-2D7635065F24}.Release|Any CPU.ActiveCfg = Release|x86
		{455A2062-59A1-47D9-9F40-2D7635065F24}.Release|x86.ActiveCfg = Release|x86
		{455A2062-59A1-47D9-9F40-2D7635065F24}.Release|x86.Build.0 = Release|x86
		{B4D776EA-0071-4515-AF37-121DBFAB0CBA}.Debug|Any CPU.ActiveCfg = Debug|x86
		{B4D776EA-0071-4515-AF37-121DBFAB0CBA}.Debug|x86.ActiveCfg = Debug|x86
		{B4D776EA-0071-4515-AF37-121DBFAB0CBA}.Debug|x86.Build.0 = Debug|x86
		{B4D776EA-0071-4515-AF37-121DBFAB0CBA}.Release|Any CPU.ActiveCfg = Release|x86
		{B4D776EA-0071-4515-AF37-121DBFAB0CBA}.Release|x86.ActiveCfg = Release|x86
		{B4D776EA-0071-4515-AF37-121DBFAB0CBA}.Release|x86.Build.0 = Release|x86
		{2B52083E-8BDD-403E-A205-43799E99788F}.Debug|Any CPU.ActiveCfg = Debug|x86
		{2B52083E-8BDD-403E-A205-43799E99788F}.Debug|x86.ActiveCfg = Debug|x86
		{2B52083E-8BDD-403E-A205-43799E99788F}.Debug|x86.Build.0 = Debug|x86
		{2B52083E-8BDD-403E-A205-43799E99788F}.Release|Any CPU.ActiveCfg = Release|x86
		{2B52083E-8BDD-403E-A205-43799E99788F}.Release|x86.ActiveCfg = Release|x86
		{2B52083E-8BDD-403E-A205-43799E99788F}.Release|x86.Build.0 = Release|x86
	EndGlobalSection
	GlobalSection(SolutionProperties) = preSolution
		HideSolutionNode = FALSE
	EndGlobalSection
EndGlobal
