
Microsoft Visual Studio Solution File, Format Version 12.00
# Visual Studio 14
VisualStudioVersion = 14.0.25123.0
MinimumVisualStudioVersion = 10.0.40219.1
Project("{FAE04EC0-301F-11D3-BF4B-00C04F79EFBC}") = "UseInArgument", "UseInArgument\UseInArgument.csproj", "{76632FD6-AE98-4E43-86AA-12D89570F740}"
EndProject
Project("{FAE04EC0-301F-11D3-BF4B-00C04F79EFBC}") = "UseOutArgument", "UseOutArgument\UseOutArgument.csproj", "{1712FC18-7BE1-4C40-8463-549355335F99}"
EndProject
Project("{FAE04EC0-301F-11D3-BF4B-00C04F79EFBC}") = "UseInOutArgument", "UseInOutArgument\UseInOutArgument.csproj", "{91BC79F3-0351-4C38-A1F2-DE721EA9CD6A}"
EndProject
Project("{FAE04EC0-301F-11D3-BF4B-00C04F79EFBC}") = "UseVariable", "UseVariable\UseVariable.csproj", "{DCBC1E44-3397-4E41-AC72-92B2D5F7EDB8}"
EndProject
Project("{FAE04EC0-301F-11D3-BF4B-00C04F79EFBC}") = "UseWorkflowApplication", "UseWorkflowApplication\UseWorkflowApplication.csproj", "{C343A767-8F08-4586-B1A9-8D4D59DB16AA}"
EndProject
Project("{FAE04EC0-301F-11D3-BF4B-00C04F79EFBC}") = "UseBookmark", "UseBookmark\UseBookmark.csproj", "{E0D65BBB-BD62-4989-937E-19A0957304F4}"
EndProject
Project("{FAE04EC0-301F-11D3-BF4B-00C04F79EFBC}") = "ConvertWFInstanceToXML", "ConvertWFInstanceToXML\ConvertWFInstanceToXML.csproj", "{FA09410A-55CA-4B97-8420-365AE2E086E5}"
EndProject
Project("{FAE04EC0-301F-11D3-BF4B-00C04F79EFBC}") = "LoadUpWorkflowFromXML", "LoadUpWorkflowFromXML\LoadUpWorkflowFromXML.csproj", "{F748E2F5-C715-4D73-9B21-85B766B0972C}"
EndProject
Project("{FAE04EC0-301F-11D3-BF4B-00C04F79EFBC}") = "UnitTestForWFProgram", "UnitTestForWFProgram\UnitTestForWFProgram.csproj", "{B10F6FCB-21EE-4BB8-93F1-4D15B56297D3}"
EndProject
Project("{FAE04EC0-301F-11D3-BF4B-00C04F79EFBC}") = "UsingForeachActivity", "UsingForeachActivity\UsingForeachActivity.csproj", "{72FD3028-9880-46C1-8D22-081B02D6D6AA}"
EndProject
Project("{FAE04EC0-301F-11D3-BF4B-00C04F79EFBC}") = "GuesNumberGameInSequence", "GuesNumberGameInSequence\GuesNumberGameInSequence.csproj", "{23C769FF-0E30-40E8-86FF-ADA0AEA566D1}"
EndProject
Project("{FAE04EC0-301F-11D3-BF4B-00C04F79EFBC}") = "GuessNumberInFlowChart", "GuessNumberInFlowChart\GuessNumberInFlowChart.csproj", "{3C061588-5117-4EE1-9CA2-F4E297ECBCD4}"
EndProject
Project("{FAE04EC0-301F-11D3-BF4B-00C04F79EFBC}") = "UsingInvokeMethodActivityInCode", "UsingInvokeMethodActivityInCode\UsingInvokeMethodActivityInCode.csproj", "{27EE6872-E6AF-4490-9689-5C16A8199C9C}"
EndProject
Project("{FAE04EC0-301F-11D3-BF4B-00C04F79EFBC}") = "UsingSwitchActivityInSequenceWorkflow", "UsingSwitchActivityInSequenceWorkflow\UsingSwitchActivityInSequenceWorkflow.csproj", "{0A906CD7-020F-46AD-8945-E541DA56315B}"
EndProject
Project("{FAE04EC0-301F-11D3-BF4B-00C04F79EFBC}") = "UsingParallelActivity", "UsingParallelActivity\UsingParallelActivity.csproj", "{2364F7BD-D846-4017-A3D0-1233E6B1E876}"
EndProject
Project("{FAE04EC0-301F-11D3-BF4B-00C04F79EFBC}") = "UsingBookmark", "UsingBookmark\UsingBookmark.csproj", "{F3450738-7795-4D39-9AAC-72201796F49D}"
EndProject
Project("{FAE04EC0-301F-11D3-BF4B-00C04F79EFBC}") = "CreateFileWriterActivity", "CreateFileWriterActivity\CreateFileWriterActivity.csproj", "{A45B452F-CD68-4284-86C9-055F134C0226}"
EndProject
Project("{FAE04EC0-301F-11D3-BF4B-00C04F79EFBC}") = "CreateSendEmailActivity", "CreateSendEmailActivity\CreateSendEmailActivity.csproj", "{455A2062-59A1-47D9-9F40-2D7635065F24}"
EndProject
Project("{FAE04EC0-301F-11D3-BF4B-00C04F79EFBC}") = "CreateInputMessageActivityUsingBookmark", "CreateInputMessageActivityUsingBookmark\CreateInputMessageActivityUsingBookmark.csproj", "{B4D776EA-0071-4515-AF37-121DBFAB0CBA}"
EndProject
Project("{FAE04EC0-301F-11D3-BF4B-00C04F79EFBC}") = "CreateAsyncHttpGetActivity", "CreateAsyncHttpGetActivity\CreateAsyncHttpGetActivity.csproj", "{2B52083E-8BDD-403E-A205-43799E99788F}"
EndProject
Project("{FAE04EC0-301F-11D3-BF4B-00C04F79EFBC}") = "CreateMySequenceActivity", "CreateMySequenceActivity\CreateMySequenceActivity.csproj", "{41D40A76-6F6A-47ED-92C5-97AD3BEF504B}"
EndProject
Project("{FAE04EC0-301F-11D3-BF4B-00C04F79EFBC}") = "CreateActivityDesignerForSendEmail", "CreateActivityDesignerForSendEmail\CreateActivityDesignerForSendEmail.csproj", "{307F2384-DA33-43E6-8CD9-C3D45DDE13D1}"
EndProject
Project("{FAE04EC0-301F-11D3-BF4B-00C04F79EFBC}") = "CofiguringETWTracking", "CofiguringETWTracking\CofiguringETWTracking.csproj", "{6085F0C4-372D-4846-863C-1D558A9A4A9A}"
EndProject
Project("{FAE04EC0-301F-11D3-BF4B-00C04F79EFBC}") = "CreateFileTrackingParticipant", "CreateFileTrackingParticipant\CreateFileTrackingParticipant.csproj", "{026AEB49-DF6C-40BE-AB70-AE2C3592F8FC}"
EndProject
Project("{FAE04EC0-301F-11D3-BF4B-00C04F79EFBC}") = "CreateSqlPersistenceStore", "CreateSqlPersistenceStore\CreateSqlPersistenceStore.csproj", "{82657026-8E9F-4AA2-8002-928826A27F7C}"
EndProject
Project("{FAE04EC0-301F-11D3-BF4B-00C04F79EFBC}") = "LoadUpWorkflowFromPersistenceDb", "LoadUpWorkflowFromPersistenceDb\LoadUpWorkflowFromPersistenceDb.csproj", "{A6C57EA8-BA2C-481A-B42D-6DC47D5447C1}"
EndProject
Project("{FAE04EC0-301F-11D3-BF4B-00C04F79EFBC}") = "UsingPersistenceParticipant", "UsingPersistenceParticipant\UsingPersistenceParticipant.csproj", "{31252795-AFAD-42B2-9C98-B867B612F909}"
EndProject
Project("{FAE04EC0-301F-11D3-BF4B-00C04F79EFBC}") = "UsingCustomizedExtension", "UsingCustomizedExtension\UsingCustomizedExtension.csproj", "{3C011A83-9A11-41FC-9CC5-FB408EAB88C3}"
EndProject
Project("{FAE04EC0-301F-11D3-BF4B-00C04F79EFBC}") = "HostingWorkflowServiceInIIS", "HostingWorkflowServiceInIIS\HostingWorkflowServiceInIIS.csproj", "{1AA05F63-095A-45FB-B6C0-10119CD61142}"
EndProject
Project("{FAE04EC0-301F-11D3-BF4B-00C04F79EFBC}") = "HostingWorkflowInAspNet", "HostingWorkflowInAspNet\HostingWorkflowInAspNet.csproj", "{AEEB4C6B-08D1-432D-8717-5E0CDC7CD78E}"
EndProject
Project("{FAE04EC0-301F-11D3-BF4B-00C04F79EFBC}") = "WfDesignerWpf", "WfDesignerWpf\WfDesignerWpf.csproj", "{6795CBA7-7AD8-4380-A318-AD20252D75FA}"
EndProject
Project("{FAE04EC0-301F-11D3-BF4B-00C04F79EFBC}") = "HolidayRequest", "HolidayRequest\HolidayRequest.csproj", "{A61D6951-5590-4B1F-B1E7-0B4C596C3E92}"
EndProject
Project("{FAE04EC0-301F-11D3-BF4B-00C04F79EFBC}") = "CreateBookMarkWithPersistence", "CreateBookMarkWithPersistence\CreateBookMarkWithPersistence.csproj", "{15CD4302-07DA-4DCA-A66F-0386660E54BE}"
EndProject
Project("{FAE04EC0-301F-11D3-BF4B-00C04F79EFBC}") = "TestActivityDesigner", "TestActivityDesigner\TestActivityDesigner.csproj", "{2AF00A67-E6A4-4BFF-B788-8E4BA40BAA3D}"
EndProject
Project("{FAE04EC0-301F-11D3-BF4B-00C04F79EFBC}") = "CreateFullActivityXamlFromCode", "CreateFullActivityXamlFromCode\CreateFullActivityXamlFromCode.csproj", "{62042650-BDE3-4614-B552-1A99774F0563}"
EndProject
Project("{FAE04EC0-301F-11D3-BF4B-00C04F79EFBC}") = "AutoGenerateDLL", "AutoGenerateDLL\AutoGenerateDLL.csproj", "{082FB224-2249-46EA-876A-D32073E1BBEF}"
EndProject
Global
	GlobalSection(SolutionConfigurationPlatforms) = preSolution
		Debug|Any CPU = Debug|Any CPU
		Debug|x86 = Debug|x86
		Release|Any CPU = Release|Any CPU
		Release|x86 = Release|x86
	EndGlobalSection
	GlobalSection(ProjectConfigurationPlatforms) = postSolution
		{76632FD6-AE98-4E43-86AA-12D89570F740}.Debug|Any CPU.ActiveCfg = Debug|x86
		{76632FD6-AE98-4E43-86AA-12D89570F740}.Debug|Any CPU.Build.0 = Debug|x86
		{76632FD6-AE98-4E43-86AA-12D89570F740}.Debug|x86.ActiveCfg = Debug|x86
		{76632FD6-AE98-4E43-86AA-12D89570F740}.Debug|x86.Build.0 = Debug|x86
		{76632FD6-AE98-4E43-86AA-12D89570F740}.Release|Any CPU.ActiveCfg = Release|x86
		{76632FD6-AE98-4E43-86AA-12D89570F740}.Release|x86.ActiveCfg = Release|x86
		{76632FD6-AE98-4E43-86AA-12D89570F740}.Release|x86.Build.0 = Release|x86
		{1712FC18-7BE1-4C40-8463-549355335F99}.Debug|Any CPU.ActiveCfg = Debug|x86
		{1712FC18-7BE1-4C40-8463-549355335F99}.Debug|Any CPU.Build.0 = Debug|x86
		{1712FC18-7BE1-4C40-8463-549355335F99}.Debug|x86.ActiveCfg = Debug|x86
		{1712FC18-7BE1-4C40-8463-549355335F99}.Debug|x86.Build.0 = Debug|x86
		{1712FC18-7BE1-4C40-8463-549355335F99}.Release|Any CPU.ActiveCfg = Release|x86
		{1712FC18-7BE1-4C40-8463-549355335F99}.Release|x86.ActiveCfg = Release|x86
		{1712FC18-7BE1-4C40-8463-549355335F99}.Release|x86.Build.0 = Release|x86
		{91BC79F3-0351-4C38-A1F2-DE721EA9CD6A}.Debug|Any CPU.ActiveCfg = Debug|x86
		{91BC79F3-0351-4C38-A1F2-DE721EA9CD6A}.Debug|Any CPU.Build.0 = Debug|x86
		{91BC79F3-0351-4C38-A1F2-DE721EA9CD6A}.Debug|x86.ActiveCfg = Debug|x86
		{91BC79F3-0351-4C38-A1F2-DE721EA9CD6A}.Debug|x86.Build.0 = Debug|x86
		{91BC79F3-0351-4C38-A1F2-DE721EA9CD6A}.Release|Any CPU.ActiveCfg = Release|x86
		{91BC79F3-0351-4C38-A1F2-DE721EA9CD6A}.Release|x86.ActiveCfg = Release|x86
		{91BC79F3-0351-4C38-A1F2-DE721EA9CD6A}.Release|x86.Build.0 = Release|x86
		{DCBC1E44-3397-4E41-AC72-92B2D5F7EDB8}.Debug|Any CPU.ActiveCfg = Debug|x86
		{DCBC1E44-3397-4E41-AC72-92B2D5F7EDB8}.Debug|Any CPU.Build.0 = Debug|x86
		{DCBC1E44-3397-4E41-AC72-92B2D5F7EDB8}.Debug|x86.ActiveCfg = Debug|x86
		{DCBC1E44-3397-4E41-AC72-92B2D5F7EDB8}.Debug|x86.Build.0 = Debug|x86
		{DCBC1E44-3397-4E41-AC72-92B2D5F7EDB8}.Release|Any CPU.ActiveCfg = Release|x86
		{DCBC1E44-3397-4E41-AC72-92B2D5F7EDB8}.Release|x86.ActiveCfg = Release|x86
		{DCBC1E44-3397-4E41-AC72-92B2D5F7EDB8}.Release|x86.Build.0 = Release|x86
		{C343A767-8F08-4586-B1A9-8D4D59DB16AA}.Debug|Any CPU.ActiveCfg = Debug|x86
		{C343A767-8F08-4586-B1A9-8D4D59DB16AA}.Debug|Any CPU.Build.0 = Debug|x86
		{C343A767-8F08-4586-B1A9-8D4D59DB16AA}.Debug|x86.ActiveCfg = Debug|x86
		{C343A767-8F08-4586-B1A9-8D4D59DB16AA}.Debug|x86.Build.0 = Debug|x86
		{C343A767-8F08-4586-B1A9-8D4D59DB16AA}.Release|Any CPU.ActiveCfg = Release|x86
		{C343A767-8F08-4586-B1A9-8D4D59DB16AA}.Release|x86.ActiveCfg = Release|x86
		{C343A767-8F08-4586-B1A9-8D4D59DB16AA}.Release|x86.Build.0 = Release|x86
		{E0D65BBB-BD62-4989-937E-19A0957304F4}.Debug|Any CPU.ActiveCfg = Debug|x86
		{E0D65BBB-BD62-4989-937E-19A0957304F4}.Debug|Any CPU.Build.0 = Debug|x86
		{E0D65BBB-BD62-4989-937E-19A0957304F4}.Debug|x86.ActiveCfg = Debug|x86
		{E0D65BBB-BD62-4989-937E-19A0957304F4}.Debug|x86.Build.0 = Debug|x86
		{E0D65BBB-BD62-4989-937E-19A0957304F4}.Release|Any CPU.ActiveCfg = Release|x86
		{E0D65BBB-BD62-4989-937E-19A0957304F4}.Release|x86.ActiveCfg = Release|x86
		{E0D65BBB-BD62-4989-937E-19A0957304F4}.Release|x86.Build.0 = Release|x86
		{FA09410A-55CA-4B97-8420-365AE2E086E5}.Debug|Any CPU.ActiveCfg = Debug|x86
		{FA09410A-55CA-4B97-8420-365AE2E086E5}.Debug|Any CPU.Build.0 = Debug|x86
		{FA09410A-55CA-4B97-8420-365AE2E086E5}.Debug|x86.ActiveCfg = Debug|x86
		{FA09410A-55CA-4B97-8420-365AE2E086E5}.Debug|x86.Build.0 = Debug|x86
		{FA09410A-55CA-4B97-8420-365AE2E086E5}.Release|Any CPU.ActiveCfg = Release|x86
		{FA09410A-55CA-4B97-8420-365AE2E086E5}.Release|x86.ActiveCfg = Release|x86
		{FA09410A-55CA-4B97-8420-365AE2E086E5}.Release|x86.Build.0 = Release|x86
		{F748E2F5-C715-4D73-9B21-85B766B0972C}.Debug|Any CPU.ActiveCfg = Debug|x86
		{F748E2F5-C715-4D73-9B21-85B766B0972C}.Debug|Any CPU.Build.0 = Debug|x86
		{F748E2F5-C715-4D73-9B21-85B766B0972C}.Debug|x86.ActiveCfg = Debug|x86
		{F748E2F5-C715-4D73-9B21-85B766B0972C}.Debug|x86.Build.0 = Debug|x86
		{F748E2F5-C715-4D73-9B21-85B766B0972C}.Release|Any CPU.ActiveCfg = Release|x86
		{F748E2F5-C715-4D73-9B21-85B766B0972C}.Release|x86.ActiveCfg = Release|x86
		{F748E2F5-C715-4D73-9B21-85B766B0972C}.Release|x86.Build.0 = Release|x86
		{B10F6FCB-21EE-4BB8-93F1-4D15B56297D3}.Debug|Any CPU.ActiveCfg = Debug|Any CPU
		{B10F6FCB-21EE-4BB8-93F1-4D15B56297D3}.Debug|Any CPU.Build.0 = Debug|Any CPU
		{B10F6FCB-21EE-4BB8-93F1-4D15B56297D3}.Debug|x86.ActiveCfg = Debug|Any CPU
		{B10F6FCB-21EE-4BB8-93F1-4D15B56297D3}.Debug|x86.Build.0 = Debug|Any CPU
		{B10F6FCB-21EE-4BB8-93F1-4D15B56297D3}.Release|Any CPU.ActiveCfg = Release|Any CPU
		{B10F6FCB-21EE-4BB8-93F1-4D15B56297D3}.Release|Any CPU.Build.0 = Release|Any CPU
		{B10F6FCB-21EE-4BB8-93F1-4D15B56297D3}.Release|x86.ActiveCfg = Release|Any CPU
		{B10F6FCB-21EE-4BB8-93F1-4D15B56297D3}.Release|x86.Build.0 = Release|Any CPU
		{72FD3028-9880-46C1-8D22-081B02D6D6AA}.Debug|Any CPU.ActiveCfg = Debug|x86
		{72FD3028-9880-46C1-8D22-081B02D6D6AA}.Debug|Any CPU.Build.0 = Debug|x86
		{72FD3028-9880-46C1-8D22-081B02D6D6AA}.Debug|x86.ActiveCfg = Debug|x86
		{72FD3028-9880-46C1-8D22-081B02D6D6AA}.Debug|x86.Build.0 = Debug|x86
		{72FD3028-9880-46C1-8D22-081B02D6D6AA}.Release|Any CPU.ActiveCfg = Release|x86
		{72FD3028-9880-46C1-8D22-081B02D6D6AA}.Release|x86.ActiveCfg = Release|x86
		{72FD3028-9880-46C1-8D22-081B02D6D6AA}.Release|x86.Build.0 = Release|x86
		{23C769FF-0E30-40E8-86FF-ADA0AEA566D1}.Debug|Any CPU.ActiveCfg = Debug|x86
		{23C769FF-0E30-40E8-86FF-ADA0AEA566D1}.Debug|Any CPU.Build.0 = Debug|x86
		{23C769FF-0E30-40E8-86FF-ADA0AEA566D1}.Debug|x86.ActiveCfg = Debug|x86
		{23C769FF-0E30-40E8-86FF-ADA0AEA566D1}.Debug|x86.Build.0 = Debug|x86
		{23C769FF-0E30-40E8-86FF-ADA0AEA566D1}.Release|Any CPU.ActiveCfg = Release|x86
		{23C769FF-0E30-40E8-86FF-ADA0AEA566D1}.Release|x86.ActiveCfg = Release|x86
		{23C769FF-0E30-40E8-86FF-ADA0AEA566D1}.Release|x86.Build.0 = Release|x86
		{3C061588-5117-4EE1-9CA2-F4E297ECBCD4}.Debug|Any CPU.ActiveCfg = Debug|x86
		{3C061588-5117-4EE1-9CA2-F4E297ECBCD4}.Debug|Any CPU.Build.0 = Debug|x86
		{3C061588-5117-4EE1-9CA2-F4E297ECBCD4}.Debug|x86.ActiveCfg = Debug|x86
		{3C061588-5117-4EE1-9CA2-F4E297ECBCD4}.Debug|x86.Build.0 = Debug|x86
		{3C061588-5117-4EE1-9CA2-F4E297ECBCD4}.Release|Any CPU.ActiveCfg = Release|x86
		{3C061588-5117-4EE1-9CA2-F4E297ECBCD4}.Release|x86.ActiveCfg = Release|x86
		{3C061588-5117-4EE1-9CA2-F4E297ECBCD4}.Release|x86.Build.0 = Release|x86
		{27EE6872-E6AF-4490-9689-5C16A8199C9C}.Debug|Any CPU.ActiveCfg = Debug|x86
		{27EE6872-E6AF-4490-9689-5C16A8199C9C}.Debug|Any CPU.Build.0 = Debug|x86
		{27EE6872-E6AF-4490-9689-5C16A8199C9C}.Debug|x86.ActiveCfg = Debug|x86
		{27EE6872-E6AF-4490-9689-5C16A8199C9C}.Debug|x86.Build.0 = Debug|x86
		{27EE6872-E6AF-4490-9689-5C16A8199C9C}.Release|Any CPU.ActiveCfg = Release|x86
		{27EE6872-E6AF-4490-9689-5C16A8199C9C}.Release|x86.ActiveCfg = Release|x86
		{27EE6872-E6AF-4490-9689-5C16A8199C9C}.Release|x86.Build.0 = Release|x86
		{0A906CD7-020F-46AD-8945-E541DA56315B}.Debug|Any CPU.ActiveCfg = Debug|x86
		{0A906CD7-020F-46AD-8945-E541DA56315B}.Debug|Any CPU.Build.0 = Debug|x86
		{0A906CD7-020F-46AD-8945-E541DA56315B}.Debug|x86.ActiveCfg = Debug|x86
		{0A906CD7-020F-46AD-8945-E541DA56315B}.Debug|x86.Build.0 = Debug|x86
		{0A906CD7-020F-46AD-8945-E541DA56315B}.Release|Any CPU.ActiveCfg = Release|x86
		{0A906CD7-020F-46AD-8945-E541DA56315B}.Release|x86.ActiveCfg = Release|x86
		{0A906CD7-020F-46AD-8945-E541DA56315B}.Release|x86.Build.0 = Release|x86
		{2364F7BD-D846-4017-A3D0-1233E6B1E876}.Debug|Any CPU.ActiveCfg = Debug|x86
		{2364F7BD-D846-4017-A3D0-1233E6B1E876}.Debug|Any CPU.Build.0 = Debug|x86
		{2364F7BD-D846-4017-A3D0-1233E6B1E876}.Debug|x86.ActiveCfg = Debug|x86
		{2364F7BD-D846-4017-A3D0-1233E6B1E876}.Debug|x86.Build.0 = Debug|x86
		{2364F7BD-D846-4017-A3D0-1233E6B1E876}.Release|Any CPU.ActiveCfg = Release|x86
		{2364F7BD-D846-4017-A3D0-1233E6B1E876}.Release|x86.ActiveCfg = Release|x86
		{2364F7BD-D846-4017-A3D0-1233E6B1E876}.Release|x86.Build.0 = Release|x86
		{F3450738-7795-4D39-9AAC-72201796F49D}.Debug|Any CPU.ActiveCfg = Debug|x86
		{F3450738-7795-4D39-9AAC-72201796F49D}.Debug|Any CPU.Build.0 = Debug|x86
		{F3450738-7795-4D39-9AAC-72201796F49D}.Debug|x86.ActiveCfg = Debug|x86
		{F3450738-7795-4D39-9AAC-72201796F49D}.Debug|x86.Build.0 = Debug|x86
		{F3450738-7795-4D39-9AAC-72201796F49D}.Release|Any CPU.ActiveCfg = Release|x86
		{F3450738-7795-4D39-9AAC-72201796F49D}.Release|x86.ActiveCfg = Release|x86
		{F3450738-7795-4D39-9AAC-72201796F49D}.Release|x86.Build.0 = Release|x86
		{A45B452F-CD68-4284-86C9-055F134C0226}.Debug|Any CPU.ActiveCfg = Debug|x86
		{A45B452F-CD68-4284-86C9-055F134C0226}.Debug|Any CPU.Build.0 = Debug|x86
		{A45B452F-CD68-4284-86C9-055F134C0226}.Debug|x86.ActiveCfg = Debug|x86
		{A45B452F-CD68-4284-86C9-055F134C0226}.Debug|x86.Build.0 = Debug|x86
		{A45B452F-CD68-4284-86C9-055F134C0226}.Release|Any CPU.ActiveCfg = Release|x86
		{A45B452F-CD68-4284-86C9-055F134C0226}.Release|x86.ActiveCfg = Release|x86
		{A45B452F-CD68-4284-86C9-055F134C0226}.Release|x86.Build.0 = Release|x86
		{455A2062-59A1-47D9-9F40-2D7635065F24}.Debug|Any CPU.ActiveCfg = Debug|x86
		{455A2062-59A1-47D9-9F40-2D7635065F24}.Debug|Any CPU.Build.0 = Debug|x86
		{455A2062-59A1-47D9-9F40-2D7635065F24}.Debug|x86.ActiveCfg = Debug|x86
		{455A2062-59A1-47D9-9F40-2D7635065F24}.Debug|x86.Build.0 = Debug|x86
		{455A2062-59A1-47D9-9F40-2D7635065F24}.Release|Any CPU.ActiveCfg = Release|x86
		{455A2062-59A1-47D9-9F40-2D7635065F24}.Release|x86.ActiveCfg = Release|x86
		{455A2062-59A1-47D9-9F40-2D7635065F24}.Release|x86.Build.0 = Release|x86
		{B4D776EA-0071-4515-AF37-121DBFAB0CBA}.Debug|Any CPU.ActiveCfg = Debug|x86
		{B4D776EA-0071-4515-AF37-121DBFAB0CBA}.Debug|Any CPU.Build.0 = Debug|x86
		{B4D776EA-0071-4515-AF37-121DBFAB0CBA}.Debug|x86.ActiveCfg = Debug|x86
		{B4D776EA-0071-4515-AF37-121DBFAB0CBA}.Debug|x86.Build.0 = Debug|x86
		{B4D776EA-0071-4515-AF37-121DBFAB0CBA}.Release|Any CPU.ActiveCfg = Release|x86
		{B4D776EA-0071-4515-AF37-121DBFAB0CBA}.Release|x86.ActiveCfg = Release|x86
		{B4D776EA-0071-4515-AF37-121DBFAB0CBA}.Release|x86.Build.0 = Release|x86
		{2B52083E-8BDD-403E-A205-43799E99788F}.Debug|Any CPU.ActiveCfg = Debug|x86
		{2B52083E-8BDD-403E-A205-43799E99788F}.Debug|Any CPU.Build.0 = Debug|x86
		{2B52083E-8BDD-403E-A205-43799E99788F}.Debug|x86.ActiveCfg = Debug|x86
		{2B52083E-8BDD-403E-A205-43799E99788F}.Debug|x86.Build.0 = Debug|x86
		{2B52083E-8BDD-403E-A205-43799E99788F}.Release|Any CPU.ActiveCfg = Release|x86
		{2B52083E-8BDD-403E-A205-43799E99788F}.Release|x86.ActiveCfg = Release|x86
		{2B52083E-8BDD-403E-A205-43799E99788F}.Release|x86.Build.0 = Release|x86
		{41D40A76-6F6A-47ED-92C5-97AD3BEF504B}.Debug|Any CPU.ActiveCfg = Debug|x86
		{41D40A76-6F6A-47ED-92C5-97AD3BEF504B}.Debug|Any CPU.Build.0 = Debug|x86
		{41D40A76-6F6A-47ED-92C5-97AD3BEF504B}.Debug|x86.ActiveCfg = Debug|x86
		{41D40A76-6F6A-47ED-92C5-97AD3BEF504B}.Debug|x86.Build.0 = Debug|x86
		{41D40A76-6F6A-47ED-92C5-97AD3BEF504B}.Release|Any CPU.ActiveCfg = Release|x86
		{41D40A76-6F6A-47ED-92C5-97AD3BEF504B}.Release|x86.ActiveCfg = Release|x86
		{41D40A76-6F6A-47ED-92C5-97AD3BEF504B}.Release|x86.Build.0 = Release|x86
		{307F2384-DA33-43E6-8CD9-C3D45DDE13D1}.Debug|Any CPU.ActiveCfg = Debug|x86
		{307F2384-DA33-43E6-8CD9-C3D45DDE13D1}.Debug|Any CPU.Build.0 = Debug|x86
		{307F2384-DA33-43E6-8CD9-C3D45DDE13D1}.Debug|x86.ActiveCfg = Debug|x86
		{307F2384-DA33-43E6-8CD9-C3D45DDE13D1}.Debug|x86.Build.0 = Debug|x86
		{307F2384-DA33-43E6-8CD9-C3D45DDE13D1}.Release|Any CPU.ActiveCfg = Release|x86
		{307F2384-DA33-43E6-8CD9-C3D45DDE13D1}.Release|x86.ActiveCfg = Release|x86
		{307F2384-DA33-43E6-8CD9-C3D45DDE13D1}.Release|x86.Build.0 = Release|x86
		{6085F0C4-372D-4846-863C-1D558A9A4A9A}.Debug|Any CPU.ActiveCfg = Debug|x86
		{6085F0C4-372D-4846-863C-1D558A9A4A9A}.Debug|Any CPU.Build.0 = Debug|x86
		{6085F0C4-372D-4846-863C-1D558A9A4A9A}.Debug|x86.ActiveCfg = Debug|x86
		{6085F0C4-372D-4846-863C-1D558A9A4A9A}.Debug|x86.Build.0 = Debug|x86
		{6085F0C4-372D-4846-863C-1D558A9A4A9A}.Release|Any CPU.ActiveCfg = Release|x86
		{6085F0C4-372D-4846-863C-1D558A9A4A9A}.Release|x86.ActiveCfg = Release|x86
		{6085F0C4-372D-4846-863C-1D558A9A4A9A}.Release|x86.Build.0 = Release|x86
		{026AEB49-DF6C-40BE-AB70-AE2C3592F8FC}.Debug|Any CPU.ActiveCfg = Debug|x86
		{026AEB49-DF6C-40BE-AB70-AE2C3592F8FC}.Debug|Any CPU.Build.0 = Debug|x86
		{026AEB49-DF6C-40BE-AB70-AE2C3592F8FC}.Debug|x86.ActiveCfg = Debug|x86
		{026AEB49-DF6C-40BE-AB70-AE2C3592F8FC}.Debug|x86.Build.0 = Debug|x86
		{026AEB49-DF6C-40BE-AB70-AE2C3592F8FC}.Release|Any CPU.ActiveCfg = Release|x86
		{026AEB49-DF6C-40BE-AB70-AE2C3592F8FC}.Release|x86.ActiveCfg = Release|x86
		{026AEB49-DF6C-40BE-AB70-AE2C3592F8FC}.Release|x86.Build.0 = Release|x86
		{82657026-8E9F-4AA2-8002-928826A27F7C}.Debug|Any CPU.ActiveCfg = Debug|x86
		{82657026-8E9F-4AA2-8002-928826A27F7C}.Debug|Any CPU.Build.0 = Debug|x86
		{82657026-8E9F-4AA2-8002-928826A27F7C}.Debug|x86.ActiveCfg = Debug|x86
		{82657026-8E9F-4AA2-8002-928826A27F7C}.Debug|x86.Build.0 = Debug|x86
		{82657026-8E9F-4AA2-8002-928826A27F7C}.Release|Any CPU.ActiveCfg = Release|x86
		{82657026-8E9F-4AA2-8002-928826A27F7C}.Release|x86.ActiveCfg = Release|x86
		{82657026-8E9F-4AA2-8002-928826A27F7C}.Release|x86.Build.0 = Release|x86
		{A6C57EA8-BA2C-481A-B42D-6DC47D5447C1}.Debug|Any CPU.ActiveCfg = Debug|x86
		{A6C57EA8-BA2C-481A-B42D-6DC47D5447C1}.Debug|Any CPU.Build.0 = Debug|x86
		{A6C57EA8-BA2C-481A-B42D-6DC47D5447C1}.Debug|x86.ActiveCfg = Debug|x86
		{A6C57EA8-BA2C-481A-B42D-6DC47D5447C1}.Debug|x86.Build.0 = Debug|x86
		{A6C57EA8-BA2C-481A-B42D-6DC47D5447C1}.Release|Any CPU.ActiveCfg = Release|x86
		{A6C57EA8-BA2C-481A-B42D-6DC47D5447C1}.Release|x86.ActiveCfg = Release|x86
		{A6C57EA8-BA2C-481A-B42D-6DC47D5447C1}.Release|x86.Build.0 = Release|x86
		{31252795-AFAD-42B2-9C98-B867B612F909}.Debug|Any CPU.ActiveCfg = Debug|x86
		{31252795-AFAD-42B2-9C98-B867B612F909}.Debug|Any CPU.Build.0 = Debug|x86
		{31252795-AFAD-42B2-9C98-B867B612F909}.Debug|x86.ActiveCfg = Debug|x86
		{31252795-AFAD-42B2-9C98-B867B612F909}.Debug|x86.Build.0 = Debug|x86
		{31252795-AFAD-42B2-9C98-B867B612F909}.Release|Any CPU.ActiveCfg = Release|x86
		{31252795-AFAD-42B2-9C98-B867B612F909}.Release|x86.ActiveCfg = Release|x86
		{31252795-AFAD-42B2-9C98-B867B612F909}.Release|x86.Build.0 = Release|x86
		{3C011A83-9A11-41FC-9CC5-FB408EAB88C3}.Debug|Any CPU.ActiveCfg = Debug|x86
		{3C011A83-9A11-41FC-9CC5-FB408EAB88C3}.Debug|Any CPU.Build.0 = Debug|x86
		{3C011A83-9A11-41FC-9CC5-FB408EAB88C3}.Debug|x86.ActiveCfg = Debug|x86
		{3C011A83-9A11-41FC-9CC5-FB408EAB88C3}.Debug|x86.Build.0 = Debug|x86
		{3C011A83-9A11-41FC-9CC5-FB408EAB88C3}.Release|Any CPU.ActiveCfg = Release|x86
		{3C011A83-9A11-41FC-9CC5-FB408EAB88C3}.Release|x86.ActiveCfg = Release|x86
		{3C011A83-9A11-41FC-9CC5-FB408EAB88C3}.Release|x86.Build.0 = Release|x86
		{1AA05F63-095A-45FB-B6C0-10119CD61142}.Debug|Any CPU.ActiveCfg = Debug|Any CPU
		{1AA05F63-095A-45FB-B6C0-10119CD61142}.Debug|Any CPU.Build.0 = Debug|Any CPU
		{1AA05F63-095A-45FB-B6C0-10119CD61142}.Debug|x86.ActiveCfg = Debug|Any CPU
		{1AA05F63-095A-45FB-B6C0-10119CD61142}.Debug|x86.Build.0 = Debug|Any CPU
		{1AA05F63-095A-45FB-B6C0-10119CD61142}.Release|Any CPU.ActiveCfg = Release|Any CPU
		{1AA05F63-095A-45FB-B6C0-10119CD61142}.Release|Any CPU.Build.0 = Release|Any CPU
		{1AA05F63-095A-45FB-B6C0-10119CD61142}.Release|x86.ActiveCfg = Release|Any CPU
		{1AA05F63-095A-45FB-B6C0-10119CD61142}.Release|x86.Build.0 = Release|Any CPU
		{AEEB4C6B-08D1-432D-8717-5E0CDC7CD78E}.Debug|Any CPU.ActiveCfg = Debug|Any CPU
		{AEEB4C6B-08D1-432D-8717-5E0CDC7CD78E}.Debug|Any CPU.Build.0 = Debug|Any CPU
		{AEEB4C6B-08D1-432D-8717-5E0CDC7CD78E}.Debug|x86.ActiveCfg = Debug|Any CPU
		{AEEB4C6B-08D1-432D-8717-5E0CDC7CD78E}.Debug|x86.Build.0 = Debug|Any CPU
		{AEEB4C6B-08D1-432D-8717-5E0CDC7CD78E}.Release|Any CPU.ActiveCfg = Release|Any CPU
		{AEEB4C6B-08D1-432D-8717-5E0CDC7CD78E}.Release|Any CPU.Build.0 = Release|Any CPU
		{AEEB4C6B-08D1-432D-8717-5E0CDC7CD78E}.Release|x86.ActiveCfg = Release|Any CPU
		{AEEB4C6B-08D1-432D-8717-5E0CDC7CD78E}.Release|x86.Build.0 = Release|Any CPU
		{6795CBA7-7AD8-4380-A318-AD20252D75FA}.Debug|Any CPU.ActiveCfg = Debug|Any CPU
		{6795CBA7-7AD8-4380-A318-AD20252D75FA}.Debug|Any CPU.Build.0 = Debug|Any CPU
		{6795CBA7-7AD8-4380-A318-AD20252D75FA}.Debug|x86.ActiveCfg = Debug|Any CPU
		{6795CBA7-7AD8-4380-A318-AD20252D75FA}.Debug|x86.Build.0 = Debug|Any CPU
		{6795CBA7-7AD8-4380-A318-AD20252D75FA}.Release|Any CPU.ActiveCfg = Release|Any CPU
		{6795CBA7-7AD8-4380-A318-AD20252D75FA}.Release|Any CPU.Build.0 = Release|Any CPU
		{6795CBA7-7AD8-4380-A318-AD20252D75FA}.Release|x86.ActiveCfg = Release|Any CPU
		{6795CBA7-7AD8-4380-A318-AD20252D75FA}.Release|x86.Build.0 = Release|Any CPU
		{A61D6951-5590-4B1F-B1E7-0B4C596C3E92}.Debug|Any CPU.ActiveCfg = Debug|x86
		{A61D6951-5590-4B1F-B1E7-0B4C596C3E92}.Debug|Any CPU.Build.0 = Debug|x86
		{A61D6951-5590-4B1F-B1E7-0B4C596C3E92}.Debug|x86.ActiveCfg = Debug|x86
		{A61D6951-5590-4B1F-B1E7-0B4C596C3E92}.Debug|x86.Build.0 = Debug|x86
		{A61D6951-5590-4B1F-B1E7-0B4C596C3E92}.Release|Any CPU.ActiveCfg = Release|x86
		{A61D6951-5590-4B1F-B1E7-0B4C596C3E92}.Release|x86.ActiveCfg = Release|x86
		{A61D6951-5590-4B1F-B1E7-0B4C596C3E92}.Release|x86.Build.0 = Release|x86
		{15CD4302-07DA-4DCA-A66F-0386660E54BE}.Debug|Any CPU.ActiveCfg = Debug|x86
		{15CD4302-07DA-4DCA-A66F-0386660E54BE}.Debug|Any CPU.Build.0 = Debug|x86
		{15CD4302-07DA-4DCA-A66F-0386660E54BE}.Debug|x86.ActiveCfg = Debug|x86
		{15CD4302-07DA-4DCA-A66F-0386660E54BE}.Debug|x86.Build.0 = Debug|x86
		{15CD4302-07DA-4DCA-A66F-0386660E54BE}.Release|Any CPU.ActiveCfg = Release|x86
		{15CD4302-07DA-4DCA-A66F-0386660E54BE}.Release|x86.ActiveCfg = Release|x86
		{15CD4302-07DA-4DCA-A66F-0386660E54BE}.Release|x86.Build.0 = Release|x86
		{2AF00A67-E6A4-4BFF-B788-8E4BA40BAA3D}.Debug|Any CPU.ActiveCfg = Debug|Any CPU
		{2AF00A67-E6A4-4BFF-B788-8E4BA40BAA3D}.Debug|Any CPU.Build.0 = Debug|Any CPU
		{2AF00A67-E6A4-4BFF-B788-8E4BA40BAA3D}.Debug|x86.ActiveCfg = Debug|Any CPU
		{2AF00A67-E6A4-4BFF-B788-8E4BA40BAA3D}.Debug|x86.Build.0 = Debug|Any CPU
		{2AF00A67-E6A4-4BFF-B788-8E4BA40BAA3D}.Release|Any CPU.ActiveCfg = Release|Any CPU
		{2AF00A67-E6A4-4BFF-B788-8E4BA40BAA3D}.Release|Any CPU.Build.0 = Release|Any CPU
		{2AF00A67-E6A4-4BFF-B788-8E4BA40BAA3D}.Release|x86.ActiveCfg = Release|Any CPU
		{2AF00A67-E6A4-4BFF-B788-8E4BA40BAA3D}.Release|x86.Build.0 = Release|Any CPU
		{62042650-BDE3-4614-B552-1A99774F0563}.Debug|Any CPU.ActiveCfg = Debug|x86
		{62042650-BDE3-4614-B552-1A99774F0563}.Debug|x86.ActiveCfg = Debug|x86
		{62042650-BDE3-4614-B552-1A99774F0563}.Debug|x86.Build.0 = Debug|x86
		{62042650-BDE3-4614-B552-1A99774F0563}.Release|Any CPU.ActiveCfg = Release|x86
		{62042650-BDE3-4614-B552-1A99774F0563}.Release|x86.ActiveCfg = Release|x86
		{62042650-BDE3-4614-B552-1A99774F0563}.Release|x86.Build.0 = Release|x86
		{082FB224-2249-46EA-876A-D32073E1BBEF}.Debug|Any CPU.ActiveCfg = Debug|Any CPU
		{082FB224-2249-46EA-876A-D32073E1BBEF}.Debug|Any CPU.Build.0 = Debug|Any CPU
		{082FB224-2249-46EA-876A-D32073E1BBEF}.Debug|x86.ActiveCfg = Debug|Any CPU
		{082FB224-2249-46EA-876A-D32073E1BBEF}.Debug|x86.Build.0 = Debug|Any CPU
		{082FB224-2249-46EA-876A-D32073E1BBEF}.Release|Any CPU.ActiveCfg = Release|Any CPU
		{082FB224-2249-46EA-876A-D32073E1BBEF}.Release|Any CPU.Build.0 = Release|Any CPU
		{082FB224-2249-46EA-876A-D32073E1BBEF}.Release|x86.ActiveCfg = Release|Any CPU
		{082FB224-2249-46EA-876A-D32073E1BBEF}.Release|x86.Build.0 = Release|Any CPU
	EndGlobalSection
	GlobalSection(SolutionProperties) = preSolution
		HideSolutionNode = FALSE
	EndGlobalSection
EndGlobal
